<?xml version="1.0" encoding="utf-8"?>
<Project ToolsVersion="4.0" xmlns="http://schemas.microsoft.com/developer/msbuild/2003">
  <ItemGroup>
    <Filter Include="Source Files">
      <UniqueIdentifier>{4FC737F1-C7A5-4376-A066-2A32D752A2FF}</UniqueIdentifier>
      <Extensions>cpp;c;cc;cxx;def;odl;idl;hpj;bat;asm;asmx</Extensions>
    </Filter>
    <Filter Include="Header Files">
      <UniqueIdentifier>{93995380-89BD-4b04-88EB-625FBE52EBFB}</UniqueIdentifier>
      <Extensions>h;hpp;hxx;hm;inl;inc;xsd</Extensions>
    </Filter>
    <Filter Include="Resource Files">
      <UniqueIdentifier>{67DA6AB6-F800-4c08-8B7A-83BB121AAD01}</UniqueIdentifier>
      <Extensions>rc;ico;cur;bmp;dlg;rc2;rct;bin;rgs;gif;jpg;jpeg;jpe;resx;tiff;tif;png;wav;mfcribbon-ms</Extensions>
    </Filter>
    <Filter Include="Header Files\epos_canopen">
      <UniqueIdentifier>{dac25377-abdb-494b-a584-09959873b23d}</UniqueIdentifier>
    </Filter>
    <Filter Include="Header Files\xsens_awinda">
      <UniqueIdentifier>{a4ab4983-90ff-437f-a653-21b60059a128}</UniqueIdentifier>
    </Filter>
    <Filter Include="Source Files\xsawinda">
      <UniqueIdentifier>{1749baa2-be57-447a-8b3e-c3ea61d33f0d}</UniqueIdentifier>
    </Filter>
    <Filter Include="Source Files\imgui">
      <UniqueIdentifier>{05acb7d1-7514-49db-afdb-df17732d8137}</UniqueIdentifier>
    </Filter>
    <Filter Include="Source Files\implot">
      <UniqueIdentifier>{400d41c4-3b91-4418-9ede-ee8daa1829b9}</UniqueIdentifier>
    </Filter>
  </ItemGroup>
  <ItemGroup>
    <ClInclude Include="nixnet.h">
      <Filter>Header Files\epos_canopen</Filter>
    </ClInclude>
    <ClInclude Include="CAN_FRAME.h">
      <Filter>Header Files\epos_canopen</Filter>
    </ClInclude>
    <ClInclude Include="EPOS_NETWORK.h">
      <Filter>Header Files\epos_canopen</Filter>
    </ClInclude>
    <ClInclude Include="AXIS.h">
      <Filter>Header Files\epos_canopen</Filter>
    </ClInclude>
    <ClInclude Include="mastercallback.h">
      <Filter>Header Files\xsens_awinda</Filter>
    </ClInclude>
    <ClInclude Include="mtwcallback.h">
      <Filter>Header Files\xsens_awinda</Filter>
    </ClInclude>
    <ClInclude Include="LowPassFilter2p.h">
      <Filter>Header Files</Filter>
    </ClInclude>
    <ClInclude Include="QpcLoopTimer.h">
      <Filter>Header Files</Filter>
    </ClInclude>
    <ClInclude Include="SharedStructs.h">
      <Filter>Header Files</Filter>
    </ClInclude>
    <ClInclude Include="XsensEpos.h">
      <Filter>Header Files</Filter>
    </ClInclude>
  </ItemGroup>
  <ItemGroup>
    <ClCompile Include="mastercallback.cpp">
      <Filter>Source Files\xsawinda</Filter>
    </ClCompile>
    <ClCompile Include="mtwcallback.cpp">
      <Filter>Source Files\xsawinda</Filter>
    </ClCompile>
    <ClCompile Include="main.cpp">
      <Filter>Source Files</Filter>
    </ClCompile>
    <ClCompile Include="LowPassFilter2p.cpp">
      <Filter>Source Files</Filter>
    </ClCompile>
    <ClCompile Include="Controle.cpp">
      <Filter>Source Files</Filter>
    </ClCompile>
    <ClCompile Include="Logging.cpp">
      <Filter>Source Files</Filter>
    </ClCompile>
    <ClCompile Include="qASGD.cpp">
      <Filter>Source Files</Filter>
    </ClCompile>
    <ClCompile Include="readIMUs.cpp">
      <Filter>Source Files</Filter>
    </ClCompile>
    <ClCompile Include="readATISensor.cpp">
      <Filter>Source Files</Filter>
    </ClCompile>
    <ClCompile Include="updateGains.cpp">
      <Filter>Source Files</Filter>
    </ClCompile>
    <ClCompile Include="..\include\imgui\imgui.cpp">
      <Filter>Source Files\imgui</Filter>
    </ClCompile>
    <ClCompile Include="..\include\imgui\imgui_demo.cpp">
      <Filter>Source Files\imgui</Filter>
    </ClCompile>
    <ClCompile Include="..\include\imgui\imgui_draw.cpp">
      <Filter>Source Files\imgui</Filter>
    </ClCompile>
    <ClCompile Include="..\include\imgui\imgui_impl_glfw.cpp">
      <Filter>Source Files\imgui</Filter>
    </ClCompile>
    <ClCompile Include="..\include\imgui\imgui_impl_opengl3.cpp">
      <Filter>Source Files\imgui</Filter>
    </ClCompile>
    <ClCompile Include="..\include\imgui\imgui_tables.cpp">
      <Filter>Source Files\imgui</Filter>
    </ClCompile>
    <ClCompile Include="..\include\imgui\imgui_widgets.cpp">
      <Filter>Source Files\imgui</Filter>
    </ClCompile>
    <ClCompile Include="..\implot\implot.cpp">
      <Filter>Source Files\implot</Filter>
    </ClCompile>
    <ClCompile Include="..\implot\implot_demo.cpp">
      <Filter>Source Files\implot</Filter>
    </ClCompile>
    <ClCompile Include="..\implot\implot_items.cpp">
      <Filter>Source Files\implot</Filter>
    </ClCompile>
  </ItemGroup>
  <ItemGroup>
    <None Include="ReleaseNotes.css" />
    <None Include="packages.config" />
  </ItemGroup>
</Project>